
Microsoft Visual Studio Solution File, Format Version 12.00
# Visual Studio 15
VisualStudioVersion = 15.0.28307.572
MinimumVisualStudioVersion = 10.0.40219.1
Project("{9A19103F-16F7-4668-BE54-9A1E7A4F7556}") = "board.engine", "src\board.engine\board.engine.csproj", "{2170319A-ED97-4C14-8A81-4C641185552A}"
EndProject
Project("{9A19103F-16F7-4668-BE54-9A1E7A4F7556}") = "chess.engine", "src\chess.engine\chess.engine.csproj", "{D8954B12-FD49-41CA-A428-7BBA911E8501}"
EndProject
Project("{2150E333-8FDC-42A3-9474-1A3956D46DE8}") = "Solution Items", "Solution Items", "{70BA6ADB-8EE8-4D80-B52B-B31C76AD6209}"
	ProjectSection(SolutionItems) = preProject
		PgnQuery.MD = PgnQuery.MD
		readme.MD = readme.MD
		todo.md = todo.md
		Why.MD = Why.MD
	EndProjectSection
EndProject
Project("{9A19103F-16F7-4668-BE54-9A1E7A4F7556}") = "chess.engine.tests", "src\chess.engine.tests\chess.engine.tests.csproj", "{8B251D3F-A1F2-446F-99FB-9611E8808087}"
EndProject
Project("{9A19103F-16F7-4668-BE54-9A1E7A4F7556}") = "chess.webapi", "src\chess.webapi\chess.webapi.csproj", "{57DC1D3B-DC4D-4C47-9D6C-223E5A0FF408}"
EndProject
Project("{9A19103F-16F7-4668-BE54-9A1E7A4F7556}") = "spiker", "src\spiker\spiker.csproj", "{7E7E9C0A-088D-4CAF-9D2F-76BCEA4D1CE3}"
EndProject
Global
	GlobalSection(SolutionConfigurationPlatforms) = preSolution
		Debug|Any CPU = Debug|Any CPU
		Release|Any CPU = Release|Any CPU
	EndGlobalSection
	GlobalSection(ProjectConfigurationPlatforms) = postSolution
		{2170319A-ED97-4C14-8A81-4C641185552A}.Debug|Any CPU.ActiveCfg = Debug|Any CPU
		{2170319A-ED97-4C14-8A81-4C641185552A}.Debug|Any CPU.Build.0 = Debug|Any CPU
		{2170319A-ED97-4C14-8A81-4C641185552A}.Release|Any CPU.ActiveCfg = Release|Any CPU
		{2170319A-ED97-4C14-8A81-4C641185552A}.Release|Any CPU.Build.0 = Release|Any CPU
		{D8954B12-FD49-41CA-A428-7BBA911E8501}.Debug|Any CPU.ActiveCfg = Debug|Any CPU
		{D8954B12-FD49-41CA-A428-7BBA911E8501}.Debug|Any CPU.Build.0 = Debug|Any CPU
		{D8954B12-FD49-41CA-A428-7BBA911E8501}.Release|Any CPU.ActiveCfg = Release|Any CPU
		{D8954B12-FD49-41CA-A428-7BBA911E8501}.Release|Any CPU.Build.0 = Release|Any CPU
		{8B251D3F-A1F2-446F-99FB-9611E8808087}.Debug|Any CPU.ActiveCfg = Debug|Any CPU
		{8B251D3F-A1F2-446F-99FB-9611E8808087}.Debug|Any CPU.Build.0 = Debug|Any CPU
		{8B251D3F-A1F2-446F-99FB-9611E8808087}.Release|Any CPU.ActiveCfg = Release|Any CPU
		{8B251D3F-A1F2-446F-99FB-9611E8808087}.Release|Any CPU.Build.0 = Release|Any CPU
		{57DC1D3B-DC4D-4C47-9D6C-223E5A0FF408}.Debug|Any CPU.ActiveCfg = Debug|Any CPU
		{57DC1D3B-DC4D-4C47-9D6C-223E5A0FF408}.Debug|Any CPU.Build.0 = Debug|Any CPU
		{57DC1D3B-DC4D-4C47-9D6C-223E5A0FF408}.Release|Any CPU.ActiveCfg = Release|Any CPU
		{57DC1D3B-DC4D-4C47-9D6C-223E5A0FF408}.Release|Any CPU.Build.0 = Release|Any CPU
		{7E7E9C0A-088D-4CAF-9D2F-76BCEA4D1CE3}.Debug|Any CPU.ActiveCfg = Debug|Any CPU
		{7E7E9C0A-088D-4CAF-9D2F-76BCEA4D1CE3}.Debug|Any CPU.Build.0 = Debug|Any CPU
		{7E7E9C0A-088D-4CAF-9D2F-76BCEA4D1CE3}.Release|Any CPU.ActiveCfg = Release|Any CPU
		{7E7E9C0A-088D-4CAF-9D2F-76BCEA4D1CE3}.Release|Any CPU.Build.0 = Release|Any CPU
	EndGlobalSection
	GlobalSection(SolutionProperties) = preSolution
		HideSolutionNode = FALSE
	EndGlobalSection
	GlobalSection(ExtensibilityGlobals) = postSolution
		SolutionGuid = {6028EDE1-0978-48EE-94B9-B22C0599BB55}
	EndGlobalSection
EndGlobal
