
Microsoft Visual Studio Solution File, Format Version 12.00
# Visual Studio 15
VisualStudioVersion = 15.0.28307.572
MinimumVisualStudioVersion = 10.0.40219.1
Project("{9A19103F-16F7-4668-BE54-9A1E7A4F7556}") = "board.engine", "src\board.engine\board.engine.csproj", "{2170319A-ED97-4C14-8A81-4C641185552A}"
EndProject
Project("{9A19103F-16F7-4668-BE54-9A1E7A4F7556}") = "chess.engine", "src\chess.engine\chess.engine.csproj", "{D8954B12-FD49-41CA-A428-7BBA911E8501}"
EndProject
Project("{2150E333-8FDC-42A3-9474-1A3956D46DE8}") = "Solution Items", "Solution Items", "{70BA6ADB-8EE8-4D80-B52B-B31C76AD6209}"
	ProjectSection(SolutionItems) = preProject
		readme.MD = readme.MD
		todo.md = todo.md
		Why.MD = Why.MD
	EndProjectSection
EndProject
Project("{9A19103F-16F7-4668-BE54-9A1E7A4F7556}") = "chess.engine.tests", "src\chess.engine.tests\chess.engine.tests.csproj", "{8B251D3F-A1F2-446F-99FB-9611E8808087}"
EndProject
Project("{9A19103F-16F7-4668-BE54-9A1E7A4F7556}") = "chess.webapi", "src\chess.webapi\chess.webapi.csproj", "{57DC1D3B-DC4D-4C47-9D6C-223E5A0FF408}"
EndProject
Project("{9A19103F-16F7-4668-BE54-9A1E7A4F7556}") = "spiker", "src\spiker\spiker.csproj", "{7E7E9C0A-088D-4CAF-9D2F-76BCEA4D1CE3}"
EndProject
Project("{9A19103F-16F7-4668-BE54-9A1E7A4F7556}") = "board.engine.tests", "src\board.engine.tests\board.engine.tests.csproj", "{FF3D56BD-48FC-47E5-B7C6-53B7D445B545}"
EndProject
Project("{9A19103F-16F7-4668-BE54-9A1E7A4F7556}") = "board.engine.tests.utils", "src\board.engine.tests.utils\board.engine.tests.utils.csproj", "{4AF0F19E-AE64-4918-814B-CEF14FE17556}"
EndProject
Project("{9A19103F-16F7-4668-BE54-9A1E7A4F7556}") = "chess.pgn", "src\chess.pgn\chess.pgn.csproj", "{2961134A-E6FB-4B5B-AC7B-B50F71A38240}"
EndProject
Project("{9A19103F-16F7-4668-BE54-9A1E7A4F7556}") = "chess.pgn.tests", "src\chess.pgn.tests\chess.pgn.tests.csproj", "{B19793D5-6C72-49DC-A31F-1F1C386D4B1C}"
EndProject
Project("{9A19103F-16F7-4668-BE54-9A1E7A4F7556}") = "chess.big.tests", "src\chess.big.tests\chess.big.tests.csproj", "{BCB36558-8F47-4239-978F-D4D2F0CADA33}"
EndProject
Project("{9A19103F-16F7-4668-BE54-9A1E7A4F7556}") = "chess.tests.utils", "src\chess.tests.utils\chess.tests.utils.csproj", "{5FC357DA-1D4D-4A16-AE0A-CED5F4971C3E}"
EndProject
Project("{2150E333-8FDC-42A3-9474-1A3956D46DE8}") = "board", "board", "{52364696-01F5-4BE8-8482-4C4470F1F435}"
EndProject
Project("{2150E333-8FDC-42A3-9474-1A3956D46DE8}") = "chess", "chess", "{D66F8692-7592-4977-A200-38AF88CA55ED}"
EndProject
Project("{9A19103F-16F7-4668-BE54-9A1E7A4F7556}") = "chess.engine.integration.tests", "src\chess.engine.integration.tests\chess.engine.integration.tests.csproj", "{D4E891C8-5540-4810-8FB9-D4507BEB01C6}"
EndProject
Project("{9A19103F-16F7-4668-BE54-9A1E7A4F7556}") = "pgn2json", "src\pgn2json\pgn2json.csproj", "{514C3274-7B12-453F-9951-9BB98DF666CA}"
EndProject
Project("{2150E333-8FDC-42A3-9474-1A3956D46DE8}") = "src", "src", "{E67ABC55-B42C-4755-A7AE-EB06E910F2E1}"
EndProject
Project("{9A19103F-16F7-4668-BE54-9A1E7A4F7556}") = "chess.games.db", "src\chess.games.db\chess.games.db.csproj", "{99F71982-F468-4A07-90D5-6E44DC4DDA4E}"
EndProject
Project("{9A19103F-16F7-4668-BE54-9A1E7A4F7556}") = "chess.web", "src\chess.web\chess.web.csproj", "{4A197FA9-21C2-4374-9479-AC03B02DC9AB}"
EndProject
Project("{9A19103F-16F7-4668-BE54-9A1E7A4F7556}") = "chess.smoketester", "src\chess.smoketester\chess.smoketester.csproj", "{2DB1CD11-6B91-4C4B-9761-5DB80AFFAF1B}"
EndProject
Global
	GlobalSection(SolutionConfigurationPlatforms) = preSolution
		Debug|Any CPU = Debug|Any CPU
		Release|Any CPU = Release|Any CPU
	EndGlobalSection
	GlobalSection(ProjectConfigurationPlatforms) = postSolution
		{2170319A-ED97-4C14-8A81-4C641185552A}.Debug|Any CPU.ActiveCfg = Debug|Any CPU
		{2170319A-ED97-4C14-8A81-4C641185552A}.Debug|Any CPU.Build.0 = Debug|Any CPU
		{2170319A-ED97-4C14-8A81-4C641185552A}.Release|Any CPU.ActiveCfg = Release|Any CPU
		{2170319A-ED97-4C14-8A81-4C641185552A}.Release|Any CPU.Build.0 = Release|Any CPU
		{D8954B12-FD49-41CA-A428-7BBA911E8501}.Debug|Any CPU.ActiveCfg = Debug|Any CPU
		{D8954B12-FD49-41CA-A428-7BBA911E8501}.Debug|Any CPU.Build.0 = Debug|Any CPU
		{D8954B12-FD49-41CA-A428-7BBA911E8501}.Release|Any CPU.ActiveCfg = Release|Any CPU
		{D8954B12-FD49-41CA-A428-7BBA911E8501}.Release|Any CPU.Build.0 = Release|Any CPU
		{8B251D3F-A1F2-446F-99FB-9611E8808087}.Debug|Any CPU.ActiveCfg = Debug|Any CPU
		{8B251D3F-A1F2-446F-99FB-9611E8808087}.Debug|Any CPU.Build.0 = Debug|Any CPU
		{8B251D3F-A1F2-446F-99FB-9611E8808087}.Release|Any CPU.ActiveCfg = Release|Any CPU
		{8B251D3F-A1F2-446F-99FB-9611E8808087}.Release|Any CPU.Build.0 = Release|Any CPU
		{57DC1D3B-DC4D-4C47-9D6C-223E5A0FF408}.Debug|Any CPU.ActiveCfg = Debug|Any CPU
		{57DC1D3B-DC4D-4C47-9D6C-223E5A0FF408}.Debug|Any CPU.Build.0 = Debug|Any CPU
		{57DC1D3B-DC4D-4C47-9D6C-223E5A0FF408}.Release|Any CPU.ActiveCfg = Release|Any CPU
		{57DC1D3B-DC4D-4C47-9D6C-223E5A0FF408}.Release|Any CPU.Build.0 = Release|Any CPU
		{7E7E9C0A-088D-4CAF-9D2F-76BCEA4D1CE3}.Debug|Any CPU.ActiveCfg = Debug|Any CPU
		{7E7E9C0A-088D-4CAF-9D2F-76BCEA4D1CE3}.Debug|Any CPU.Build.0 = Debug|Any CPU
		{7E7E9C0A-088D-4CAF-9D2F-76BCEA4D1CE3}.Release|Any CPU.ActiveCfg = Release|Any CPU
		{7E7E9C0A-088D-4CAF-9D2F-76BCEA4D1CE3}.Release|Any CPU.Build.0 = Release|Any CPU
		{FF3D56BD-48FC-47E5-B7C6-53B7D445B545}.Debug|Any CPU.ActiveCfg = Debug|Any CPU
		{FF3D56BD-48FC-47E5-B7C6-53B7D445B545}.Debug|Any CPU.Build.0 = Debug|Any CPU
		{FF3D56BD-48FC-47E5-B7C6-53B7D445B545}.Release|Any CPU.ActiveCfg = Release|Any CPU
		{FF3D56BD-48FC-47E5-B7C6-53B7D445B545}.Release|Any CPU.Build.0 = Release|Any CPU
		{4AF0F19E-AE64-4918-814B-CEF14FE17556}.Debug|Any CPU.ActiveCfg = Debug|Any CPU
		{4AF0F19E-AE64-4918-814B-CEF14FE17556}.Debug|Any CPU.Build.0 = Debug|Any CPU
		{4AF0F19E-AE64-4918-814B-CEF14FE17556}.Release|Any CPU.ActiveCfg = Release|Any CPU
		{4AF0F19E-AE64-4918-814B-CEF14FE17556}.Release|Any CPU.Build.0 = Release|Any CPU
		{2961134A-E6FB-4B5B-AC7B-B50F71A38240}.Debug|Any CPU.ActiveCfg = Debug|Any CPU
		{2961134A-E6FB-4B5B-AC7B-B50F71A38240}.Debug|Any CPU.Build.0 = Debug|Any CPU
		{2961134A-E6FB-4B5B-AC7B-B50F71A38240}.Release|Any CPU.ActiveCfg = Release|Any CPU
		{2961134A-E6FB-4B5B-AC7B-B50F71A38240}.Release|Any CPU.Build.0 = Release|Any CPU
		{B19793D5-6C72-49DC-A31F-1F1C386D4B1C}.Debug|Any CPU.ActiveCfg = Debug|Any CPU
		{B19793D5-6C72-49DC-A31F-1F1C386D4B1C}.Debug|Any CPU.Build.0 = Debug|Any CPU
		{B19793D5-6C72-49DC-A31F-1F1C386D4B1C}.Release|Any CPU.ActiveCfg = Release|Any CPU
		{B19793D5-6C72-49DC-A31F-1F1C386D4B1C}.Release|Any CPU.Build.0 = Release|Any CPU
		{BCB36558-8F47-4239-978F-D4D2F0CADA33}.Debug|Any CPU.ActiveCfg = Debug|Any CPU
		{BCB36558-8F47-4239-978F-D4D2F0CADA33}.Debug|Any CPU.Build.0 = Debug|Any CPU
		{BCB36558-8F47-4239-978F-D4D2F0CADA33}.Release|Any CPU.ActiveCfg = Release|Any CPU
		{BCB36558-8F47-4239-978F-D4D2F0CADA33}.Release|Any CPU.Build.0 = Release|Any CPU
		{5FC357DA-1D4D-4A16-AE0A-CED5F4971C3E}.Debug|Any CPU.ActiveCfg = Debug|Any CPU
		{5FC357DA-1D4D-4A16-AE0A-CED5F4971C3E}.Debug|Any CPU.Build.0 = Debug|Any CPU
		{5FC357DA-1D4D-4A16-AE0A-CED5F4971C3E}.Release|Any CPU.ActiveCfg = Release|Any CPU
		{5FC357DA-1D4D-4A16-AE0A-CED5F4971C3E}.Release|Any CPU.Build.0 = Release|Any CPU
		{D4E891C8-5540-4810-8FB9-D4507BEB01C6}.Debug|Any CPU.ActiveCfg = Debug|Any CPU
		{D4E891C8-5540-4810-8FB9-D4507BEB01C6}.Debug|Any CPU.Build.0 = Debug|Any CPU
		{D4E891C8-5540-4810-8FB9-D4507BEB01C6}.Release|Any CPU.ActiveCfg = Release|Any CPU
		{D4E891C8-5540-4810-8FB9-D4507BEB01C6}.Release|Any CPU.Build.0 = Release|Any CPU
		{514C3274-7B12-453F-9951-9BB98DF666CA}.Debug|Any CPU.ActiveCfg = Debug|Any CPU
		{514C3274-7B12-453F-9951-9BB98DF666CA}.Debug|Any CPU.Build.0 = Debug|Any CPU
		{514C3274-7B12-453F-9951-9BB98DF666CA}.Release|Any CPU.ActiveCfg = Release|Any CPU
		{514C3274-7B12-453F-9951-9BB98DF666CA}.Release|Any CPU.Build.0 = Release|Any CPU
		{99F71982-F468-4A07-90D5-6E44DC4DDA4E}.Debug|Any CPU.ActiveCfg = Debug|Any CPU
		{99F71982-F468-4A07-90D5-6E44DC4DDA4E}.Debug|Any CPU.Build.0 = Debug|Any CPU
		{99F71982-F468-4A07-90D5-6E44DC4DDA4E}.Release|Any CPU.ActiveCfg = Release|Any CPU
		{99F71982-F468-4A07-90D5-6E44DC4DDA4E}.Release|Any CPU.Build.0 = Release|Any CPU
		{4A197FA9-21C2-4374-9479-AC03B02DC9AB}.Debug|Any CPU.ActiveCfg = Debug|Any CPU
		{4A197FA9-21C2-4374-9479-AC03B02DC9AB}.Debug|Any CPU.Build.0 = Debug|Any CPU
		{4A197FA9-21C2-4374-9479-AC03B02DC9AB}.Release|Any CPU.ActiveCfg = Release|Any CPU
		{4A197FA9-21C2-4374-9479-AC03B02DC9AB}.Release|Any CPU.Build.0 = Release|Any CPU
		{2DB1CD11-6B91-4C4B-9761-5DB80AFFAF1B}.Debug|Any CPU.ActiveCfg = Debug|Any CPU
		{2DB1CD11-6B91-4C4B-9761-5DB80AFFAF1B}.Debug|Any CPU.Build.0 = Debug|Any CPU
		{2DB1CD11-6B91-4C4B-9761-5DB80AFFAF1B}.Release|Any CPU.ActiveCfg = Release|Any CPU
		{2DB1CD11-6B91-4C4B-9761-5DB80AFFAF1B}.Release|Any CPU.Build.0 = Release|Any CPU
	EndGlobalSection
	GlobalSection(SolutionProperties) = preSolution
		HideSolutionNode = FALSE
	EndGlobalSection
	GlobalSection(NestedProjects) = preSolution
		{2170319A-ED97-4C14-8A81-4C641185552A} = {52364696-01F5-4BE8-8482-4C4470F1F435}
		{D8954B12-FD49-41CA-A428-7BBA911E8501} = {D66F8692-7592-4977-A200-38AF88CA55ED}
		{8B251D3F-A1F2-446F-99FB-9611E8808087} = {D66F8692-7592-4977-A200-38AF88CA55ED}
		{FF3D56BD-48FC-47E5-B7C6-53B7D445B545} = {52364696-01F5-4BE8-8482-4C4470F1F435}
		{4AF0F19E-AE64-4918-814B-CEF14FE17556} = {52364696-01F5-4BE8-8482-4C4470F1F435}
		{2961134A-E6FB-4B5B-AC7B-B50F71A38240} = {D66F8692-7592-4977-A200-38AF88CA55ED}
		{B19793D5-6C72-49DC-A31F-1F1C386D4B1C} = {D66F8692-7592-4977-A200-38AF88CA55ED}
		{BCB36558-8F47-4239-978F-D4D2F0CADA33} = {D66F8692-7592-4977-A200-38AF88CA55ED}
		{5FC357DA-1D4D-4A16-AE0A-CED5F4971C3E} = {D66F8692-7592-4977-A200-38AF88CA55ED}
		{D4E891C8-5540-4810-8FB9-D4507BEB01C6} = {D66F8692-7592-4977-A200-38AF88CA55ED}
	EndGlobalSection
	GlobalSection(ExtensibilityGlobals) = postSolution
		SolutionGuid = {6028EDE1-0978-48EE-94B9-B22C0599BB55}
	EndGlobalSection
EndGlobal
