
Microsoft Visual Studio Solution File, Format Version 12.00
# Visual Studio 14
VisualStudioVersion = 14.0.25420.1
MinimumVisualStudioVersion = 10.0.40219.1
Project("{FAE04EC0-301F-11D3-BF4B-00C04F79EFBC}") = "CSharpChess", "CSharpChess\CSharpChess.csproj", "{D49A0857-6DD8-4777-A297-56325CE9C7F6}"
EndProject
Project("{FAE04EC0-301F-11D3-BF4B-00C04F79EFBC}") = "CSharpChess.UnitTests", "CSharpChess.UnitTests\CSharpChess.UnitTests.csproj", "{8E227185-6CBF-40B6-9F77-861A6A85F978}"
EndProject
Project("{FAE04EC0-301F-11D3-BF4B-00C04F79EFBC}") = "ConsoleSpikes", "ConsoleSpikes\ConsoleSpikes.csproj", "{B9E85F0A-BD37-4847-9CD7-A272E6CF41B8}"
EndProject
Project("{2150E333-8FDC-42A3-9474-1A3956D46DE8}") = "build", "build", "{B3E8239B-EDFE-46F3-AACB-1F3434C26E64}"
	ProjectSection(SolutionItems) = preProject
		build.ps1 = build.ps1
	EndProjectSection
EndProject
Global
	GlobalSection(Performance) = preSolution
		HasPerformanceSessions = true
	EndGlobalSection
	GlobalSection(SolutionConfigurationPlatforms) = preSolution
		Debug|Any CPU = Debug|Any CPU
		Release|Any CPU = Release|Any CPU
	EndGlobalSection
	GlobalSection(ProjectConfigurationPlatforms) = postSolution
		{D49A0857-6DD8-4777-A297-56325CE9C7F6}.Debug|Any CPU.ActiveCfg = Debug|Any CPU
		{D49A0857-6DD8-4777-A297-56325CE9C7F6}.Debug|Any CPU.Build.0 = Debug|Any CPU
		{D49A0857-6DD8-4777-A297-56325CE9C7F6}.Release|Any CPU.ActiveCfg = Release|Any CPU
		{D49A0857-6DD8-4777-A297-56325CE9C7F6}.Release|Any CPU.Build.0 = Release|Any CPU
		{8E227185-6CBF-40B6-9F77-861A6A85F978}.Debug|Any CPU.ActiveCfg = Debug|Any CPU
		{8E227185-6CBF-40B6-9F77-861A6A85F978}.Debug|Any CPU.Build.0 = Debug|Any CPU
		{8E227185-6CBF-40B6-9F77-861A6A85F978}.Release|Any CPU.ActiveCfg = Release|Any CPU
		{8E227185-6CBF-40B6-9F77-861A6A85F978}.Release|Any CPU.Build.0 = Release|Any CPU
		{B9E85F0A-BD37-4847-9CD7-A272E6CF41B8}.Debug|Any CPU.ActiveCfg = Debug|Any CPU
		{B9E85F0A-BD37-4847-9CD7-A272E6CF41B8}.Debug|Any CPU.Build.0 = Debug|Any CPU
		{B9E85F0A-BD37-4847-9CD7-A272E6CF41B8}.Release|Any CPU.ActiveCfg = Release|Any CPU
		{B9E85F0A-BD37-4847-9CD7-A272E6CF41B8}.Release|Any CPU.Build.0 = Release|Any CPU
	EndGlobalSection
	GlobalSection(SolutionProperties) = preSolution
		HideSolutionNode = FALSE
	EndGlobalSection
EndGlobal
