
Microsoft Visual Studio Solution File, Format Version 12.00
# Visual Studio 15
VisualStudioVersion = 15.0.26228.64
MinimumVisualStudioVersion = 10.0.40219.1
Project("{2150E333-8FDC-42A3-9474-1A3956D46DE8}") = "build", "build", "{B3E8239B-EDFE-46F3-AACB-1F3434C26E64}"
	ProjectSection(SolutionItems) = preProject
		build.ps1 = build.ps1
		build_tasks.ps1 = build_tasks.ps1
	EndProjectSection
EndProject
Project("{2150E333-8FDC-42A3-9474-1A3956D46DE8}") = "Docs", "Docs", "{FF4031A4-D959-4F95-9162-1F482C7ACE92}"
	ProjectSection(SolutionItems) = preProject
		PgnQuery.MD = PgnQuery.MD
		Docs\samplescreen.txt = Docs\samplescreen.txt
		Docs\specs.txt = Docs\specs.txt
		Timings.txt = Timings.txt
		todos.txt = todos.txt
	EndProjectSection
EndProject
Project("{2150E333-8FDC-42A3-9474-1A3956D46DE8}") = "Solution Items", "Solution Items", "{81DB7D80-5AAC-443C-8DCB-BCF58DAC0468}"
EndProject
Project("{2150E333-8FDC-42A3-9474-1A3956D46DE8}") = "PGNFiles", "PGNFiles", "{DCD434C3-01FD-4F62-8A46-61CBB0B4A157}"
	ProjectSection(SolutionItems) = preProject
		has-piece-blocking-check.pgn = has-piece-blocking-check.pgn
		PGNFiles\Short.pgn = PGNFiles\Short.pgn
	EndProjectSection
EndProject
Project("{2150E333-8FDC-42A3-9474-1A3956D46DE8}") = "src", "src", "{7C2E880D-8A2B-438C-9CFF-3AAA28BE5C7A}"
	ProjectSection(SolutionItems) = preProject
		Design.MD = Design.MD
		readme.MD = readme.MD
	EndProjectSection
EndProject
Project("{9A19103F-16F7-4668-BE54-9A1E7A4F7556}") = "chess.engine", "src\chess.engine\chess.engine.csproj", "{4C2773CF-3DAE-4149-9D87-7194D73E2624}"
EndProject
Project("{9A19103F-16F7-4668-BE54-9A1E7A4F7556}") = "chess.engine.tests", "src\chess.engine.tests\chess.engine.tests.csproj", "{993CBE03-FA67-4F04-B8ED-6FC2217EFFF2}"
EndProject
Project("{9A19103F-16F7-4668-BE54-9A1E7A4F7556}") = "spiker", "src\spiker\spiker.csproj", "{391A7A0F-A6EE-43C3-90AB-72AAE904C4DB}"
EndProject
Project("{9A19103F-16F7-4668-BE54-9A1E7A4F7556}") = "chess.webapi", "src\chess.webapi\chess.webapi.csproj", "{FCACF83D-B2BF-4565-9335-EDF13439343E}"
EndProject
Project("{FAE04EC0-301F-11D3-BF4B-00C04F79EFBC}") = "board.engine", "src\board.engine\board.engine.csproj", "{5176E9E7-B898-49A7-AA3E-2BAB08B8CF68}"
EndProject
Global
	GlobalSection(SolutionConfigurationPlatforms) = preSolution
		Debug|Any CPU = Debug|Any CPU
		Release|Any CPU = Release|Any CPU
	EndGlobalSection
	GlobalSection(ProjectConfigurationPlatforms) = postSolution
		{4C2773CF-3DAE-4149-9D87-7194D73E2624}.Debug|Any CPU.ActiveCfg = Debug|Any CPU
		{4C2773CF-3DAE-4149-9D87-7194D73E2624}.Debug|Any CPU.Build.0 = Debug|Any CPU
		{4C2773CF-3DAE-4149-9D87-7194D73E2624}.Release|Any CPU.ActiveCfg = Release|Any CPU
		{4C2773CF-3DAE-4149-9D87-7194D73E2624}.Release|Any CPU.Build.0 = Release|Any CPU
		{993CBE03-FA67-4F04-B8ED-6FC2217EFFF2}.Debug|Any CPU.ActiveCfg = Debug|Any CPU
		{993CBE03-FA67-4F04-B8ED-6FC2217EFFF2}.Debug|Any CPU.Build.0 = Debug|Any CPU
		{993CBE03-FA67-4F04-B8ED-6FC2217EFFF2}.Release|Any CPU.ActiveCfg = Release|Any CPU
		{993CBE03-FA67-4F04-B8ED-6FC2217EFFF2}.Release|Any CPU.Build.0 = Release|Any CPU
		{391A7A0F-A6EE-43C3-90AB-72AAE904C4DB}.Debug|Any CPU.ActiveCfg = Debug|Any CPU
		{391A7A0F-A6EE-43C3-90AB-72AAE904C4DB}.Debug|Any CPU.Build.0 = Debug|Any CPU
		{391A7A0F-A6EE-43C3-90AB-72AAE904C4DB}.Release|Any CPU.ActiveCfg = Release|Any CPU
		{391A7A0F-A6EE-43C3-90AB-72AAE904C4DB}.Release|Any CPU.Build.0 = Release|Any CPU
		{FCACF83D-B2BF-4565-9335-EDF13439343E}.Debug|Any CPU.ActiveCfg = Debug|Any CPU
		{FCACF83D-B2BF-4565-9335-EDF13439343E}.Debug|Any CPU.Build.0 = Debug|Any CPU
		{FCACF83D-B2BF-4565-9335-EDF13439343E}.Release|Any CPU.ActiveCfg = Release|Any CPU
		{FCACF83D-B2BF-4565-9335-EDF13439343E}.Release|Any CPU.Build.0 = Release|Any CPU
		{5176E9E7-B898-49A7-AA3E-2BAB08B8CF68}.Debug|Any CPU.ActiveCfg = Debug|Any CPU
		{5176E9E7-B898-49A7-AA3E-2BAB08B8CF68}.Debug|Any CPU.Build.0 = Debug|Any CPU
		{5176E9E7-B898-49A7-AA3E-2BAB08B8CF68}.Release|Any CPU.ActiveCfg = Release|Any CPU
		{5176E9E7-B898-49A7-AA3E-2BAB08B8CF68}.Release|Any CPU.Build.0 = Release|Any CPU
	EndGlobalSection
	GlobalSection(SolutionProperties) = preSolution
		HideSolutionNode = FALSE
	EndGlobalSection
	GlobalSection(NestedProjects) = preSolution
		{B3E8239B-EDFE-46F3-AACB-1F3434C26E64} = {81DB7D80-5AAC-443C-8DCB-BCF58DAC0468}
		{FF4031A4-D959-4F95-9162-1F482C7ACE92} = {81DB7D80-5AAC-443C-8DCB-BCF58DAC0468}
		{DCD434C3-01FD-4F62-8A46-61CBB0B4A157} = {81DB7D80-5AAC-443C-8DCB-BCF58DAC0468}
		{4C2773CF-3DAE-4149-9D87-7194D73E2624} = {7C2E880D-8A2B-438C-9CFF-3AAA28BE5C7A}
		{993CBE03-FA67-4F04-B8ED-6FC2217EFFF2} = {7C2E880D-8A2B-438C-9CFF-3AAA28BE5C7A}
		{391A7A0F-A6EE-43C3-90AB-72AAE904C4DB} = {7C2E880D-8A2B-438C-9CFF-3AAA28BE5C7A}
		{FCACF83D-B2BF-4565-9335-EDF13439343E} = {7C2E880D-8A2B-438C-9CFF-3AAA28BE5C7A}
		{5176E9E7-B898-49A7-AA3E-2BAB08B8CF68} = {7C2E880D-8A2B-438C-9CFF-3AAA28BE5C7A}
	EndGlobalSection
	GlobalSection(ExtensibilityGlobals) = postSolution
		SolutionGuid = {1AE6E825-F2A2-49DE-9A01-9F8AC6391F59}
	EndGlobalSection
EndGlobal
