
Microsoft Visual Studio Solution File, Format Version 12.00
# Visual Studio 14
VisualStudioVersion = 14.0.25420.1
MinimumVisualStudioVersion = 10.0.40219.1
Project("{FAE04EC0-301F-11D3-BF4B-00C04F79EFBC}") = "CSharpChess", ".\CSharpChess\CSharpChess.csproj", "{D49A0857-6DD8-4777-A297-56325CE9C7F6}"
EndProject
Project("{FAE04EC0-301F-11D3-BF4B-00C04F79EFBC}") = "CSharpChess.UnitTests", ".\CSharpChess.UnitTests\CSharpChess.UnitTests.csproj", "{8E227185-6CBF-40B6-9F77-861A6A85F978}"
EndProject
Global
	GlobalSection(SolutionConfigurationPlatforms) = preSolution
		Debug|Any CPU = Debug|Any CPU
		Release|Any CPU = Release|Any CPU
	EndGlobalSection
	GlobalSection(ProjectConfigurationPlatforms) = postSolution
		{D49A0857-6DD8-4777-A297-56325CE9C7F6}.Debug|Any CPU.ActiveCfg = Debug|Any CPU
		{D49A0857-6DD8-4777-A297-56325CE9C7F6}.Debug|Any CPU.Build.0 = Debug|Any CPU
		{D49A0857-6DD8-4777-A297-56325CE9C7F6}.Release|Any CPU.ActiveCfg = Release|Any CPU
		{D49A0857-6DD8-4777-A297-56325CE9C7F6}.Release|Any CPU.Build.0 = Release|Any CPU
		{8E227185-6CBF-40B6-9F77-861A6A85F978}.Debug|Any CPU.ActiveCfg = Debug|Any CPU
		{8E227185-6CBF-40B6-9F77-861A6A85F978}.Debug|Any CPU.Build.0 = Debug|Any CPU
		{8E227185-6CBF-40B6-9F77-861A6A85F978}.Release|Any CPU.ActiveCfg = Release|Any CPU
		{8E227185-6CBF-40B6-9F77-861A6A85F978}.Release|Any CPU.Build.0 = Release|Any CPU
	EndGlobalSection
	GlobalSection(SolutionProperties) = preSolution
		HideSolutionNode = FALSE
	EndGlobalSection
EndGlobal
